
Microsoft Visual Studio Solution File, Format Version 12.00
# Visual Studio Version 17
VisualStudioVersion = 17.4.33205.214
MinimumVisualStudioVersion = 10.0.40219.1
Project("{FAE04EC0-301F-11D3-BF4B-00C04F79EFBC}") = "Tastico", "Tastico.csproj", "{68091A08-2BB1-4F17-8989-D43E386E5026}"
EndProject
Project("{FAE04EC0-301F-11D3-BF4B-00C04F79EFBC}") = "Tastico.Entity", "..\Tastico.Entity\Tastico.Entity.csproj", "{114E2FE8-1B61-4AFD-A10E-517A5D93CEA9}"
EndProject
Global
	GlobalSection(SolutionConfigurationPlatforms) = preSolution
		Debug|Any CPU = Debug|Any CPU
		Release|Any CPU = Release|Any CPU
	EndGlobalSection
	GlobalSection(ProjectConfigurationPlatforms) = postSolution
		{68091A08-2BB1-4F17-8989-D43E386E5026}.Debug|Any CPU.ActiveCfg = Debug|Any CPU
		{68091A08-2BB1-4F17-8989-D43E386E5026}.Debug|Any CPU.Build.0 = Debug|Any CPU
		{68091A08-2BB1-4F17-8989-D43E386E5026}.Release|Any CPU.ActiveCfg = Release|Any CPU
		{68091A08-2BB1-4F17-8989-D43E386E5026}.Release|Any CPU.Build.0 = Release|Any CPU
		{114E2FE8-1B61-4AFD-A10E-517A5D93CEA9}.Debug|Any CPU.ActiveCfg = Debug|Any CPU
		{114E2FE8-1B61-4AFD-A10E-517A5D93CEA9}.Debug|Any CPU.Build.0 = Debug|Any CPU
		{114E2FE8-1B61-4AFD-A10E-517A5D93CEA9}.Release|Any CPU.ActiveCfg = Release|Any CPU
		{114E2FE8-1B61-4AFD-A10E-517A5D93CEA9}.Release|Any CPU.Build.0 = Release|Any CPU
	EndGlobalSection
	GlobalSection(SolutionProperties) = preSolution
		HideSolutionNode = FALSE
	EndGlobalSection
	GlobalSection(ExtensibilityGlobals) = postSolution
		SolutionGuid = {193FCCB8-631F-4E24-A657-1601135F6FAD}
	EndGlobalSection
EndGlobal
